github.com/alexbrainman/sspi v0.0.0-20210105120005-909beea2cc74 h1:Kk6a4nehpJ3UuJRqlA3JxYxBZEqCeOmATOvrbT4p9RA=
github.com/alexbrainman/sspi v0.0.0-20210105120005-909beea2cc74/go.mod h1:cEWa1LVoE5KvSD9ONXsZrj0z6KqySlCCNKHlLzbqAt4=
github.com/elazarl/goproxy v0.0.0-20220901064549-fbd10ff4f5a1 h1:ecIiM5NYeEOhy5trm8xel6wpUhYH+QWteUKnwcbCMl4=
github.com/elazarl/goproxy v0.0.0-20220901064549-fbd10ff4f5a1/go.mod h1:Ro8st/ElPeALwNFlcTpWmkr6IoMFfkjXAvTHpevnDsM=
github.com/elazarl/goproxy/ext v0.0.0-20190711103511-473e67f1d7d2/go.mod h1:gNh8nYJoAm43RfaxurUnxr+N1PwuFV3ZMl/efxlIlY8=
github.com/launchdarkly/go-ntlmssp v1.0.1 h1:snB77118TQvf9tfHrkSyrIop/UX5e5VD2D2mv7Kh3wE=
github.com/launchdarkly/go-ntlmssp v1.0.1/go.mod h1:/cq3t2JyALD7GdVF5BEWcEuGlIGa44FZ4v4CVk7vuCY=
github.com/rapid7/go-get-proxied v0.0.0-20220112221009-42bdac6386fc h1:GYtNW8Vb2/jVoyx5LxowvoTHTk5ZE4Sgk5UZqhUo/U8=
github.com/rapid7/go-get-proxied v0.0.0-20220112221009-42bdac6386fc/go.mod h1:ELOKvSUbHx1oVeecsknc02S0eEAFD+TdV3rTt3BcNzM=
github.com/rogpeppe/go-charset v0.0.0-20180617210344-2471d30d28b4/go.mod h1:qgYeAmZ5ZIpBWTGllZSQnw97Dj+woV0toclVaRGI8pc=
golang.org/x/crypto v0.0.0-20190308221718-c2843e01d9a2/go.mod h1:djNgcEr1/C05ACkg1iLfiJU5Ep61QUkGW8qpdssI0+w=
golang.org/x/crypto v0.0.0-20200604202706-70a84ac30bf9 h1:vEg9joUBmeBcK9iSJftGNf3coIG4HqZElCPehJsfAYM=
golang.org/x/crypto v0.0.0-20200604202706-70a84ac30bf9/go.mod h1:LzIPMQfyMNhhGPhUkYOs5KpL4U8rLKemX1yGLhDgUto=
golang.org/x/net v0.0.0-20190404232315-eb5bcb51f2a3/go.mod h1:t9HGtf8HONx5eT2rtn7q6eTqICYqUVnKs3thJo3Qplg=
golang.org/x/sys v0.0.0-20190215142949-d0b11bdaac8a/go.mod h1:STP8DvDyc/dI5b8T5hshtkjS+E42TnysNCUPdjciGhY=
golang.org/x/sys v0.0.0-20190412213103-97732733099d/go.mod h1:h1NjWce9XRLGQEsW7wpKNCjG9DtNlClVuFLEZdDNbEs=
golang.org/x/sys v0.0.0-20221006211917-84dc82d7e875 h1:AzgQNqF+FKwyQ5LbVrVqOcuuFB67N47F9+htZYH0wFM=
golang.org/x/sys v0.0.0-20221006211917-84dc82d7e875/go.mod h1:oPkhp1MJrh7nUepCBck5+mAzfO9JrbApNNgaTdGDITg=
golang.org/x/sys v0.1.0 h1:kunALQeHf1/185U1i0GOB/fy1IPRDDpuoOOqRReG57U=
golang.org/x/sys v0.1.0/go.mod h1:oPkhp1MJrh7nUepCBck5+mAzfO9JrbApNNgaTdGDITg=
golang.org/x/term v0.0.0-20221017184919-83659145692c h1:dveknrit5futqEmXAvd2I1BbZIDhxRijsyWHM86NlcA=
golang.org/x/term v0.0.0-20221017184919-83659145692c/go.mod h1:VTIZ7TEbF0BS9Sv9lPTvGbtW8i4z6GGbJBCM37uMCzY=
golang.org/x/text v0.3.0/go.mod h1:NqM8EUOU14njkJ3fqMW+pc6Ldnwhi/IjpwHt7yyuwOQ=
